
Microsoft Visual Studio Solution File, Format Version 12.00
# Visual Studio Version 17
VisualStudioVersion = 17.7.34031.279
MinimumVisualStudioVersion = 10.0.40219.1
Project("{FAE04EC0-301F-11D3-BF4B-00C04F79EFBC}") = "KeywordFilesSearcher", "KeywordFilesSearcher\KeywordFilesSearcher.csproj", "{5C4F4B62-60F4-4AE9-9F84-1C96FF443BCD}"
EndProject
Global
	GlobalSection(SolutionConfigurationPlatforms) = preSolution
		Debug|Any CPU = Debug|Any CPU
		Release|Any CPU = Release|Any CPU
	EndGlobalSection
	GlobalSection(ProjectConfigurationPlatforms) = postSolution
		{5C4F4B62-60F4-4AE9-9F84-1C96FF443BCD}.Debug|Any CPU.ActiveCfg = Debug|Any CPU
		{5C4F4B62-60F4-4AE9-9F84-1C96FF443BCD}.Debug|Any CPU.Build.0 = Debug|Any CPU
		{5C4F4B62-60F4-4AE9-9F84-1C96FF443BCD}.Release|Any CPU.ActiveCfg = Release|Any CPU
		{5C4F4B62-60F4-4AE9-9F84-1C96FF443BCD}.Release|Any CPU.Build.0 = Release|Any CPU
	EndGlobalSection
	GlobalSection(SolutionProperties) = preSolution
		HideSolutionNode = FALSE
	EndGlobalSection
	GlobalSection(ExtensibilityGlobals) = postSolution
		SolutionGuid = {A59D0878-6D14-446B-85F3-9DF62C0A3505}
	EndGlobalSection
EndGlobal
